// !$*UTF8*$!
{
	archiveVersion = 1;
	classes = {
	};
	objectVersion = 46;
	objects = {

/* Begin PBXBuildFile section */
		8E6BFBF41A5ABDE30056B1E5 /* error.cpp in Sources */ = {isa = PBXBuildFile; fileRef = 8E6BFBF21A5ABDE30056B1E5 /* error.cpp */; };
		8E6BFBF71A5ABDFA0056B1E5 /* words.cpp in Sources */ = {isa = PBXBuildFile; fileRef = 8E6BFBF51A5ABDFA0056B1E5 /* words.cpp */; };
		8E6BFBFA1A5ABEC10056B1E5 /* pcode.cpp in Sources */ = {isa = PBXBuildFile; fileRef = 8E6BFBF81A5ABEC10056B1E5 /* pcode.cpp */; };
		8E6BFBFD1A5ABED90056B1E5 /* tab.cpp in Sources */ = {isa = PBXBuildFile; fileRef = 8E6BFBFB1A5ABED90056B1E5 /* tab.cpp */; };
		8E6BFC001A5ABF030056B1E5 /* syntax.cpp in Sources */ = {isa = PBXBuildFile; fileRef = 8E6BFBFE1A5ABF030056B1E5 /* syntax.cpp */; };
		8E9432BD1A4BB0DC004AF576 /* main.cpp in Sources */ = {isa = PBXBuildFile; fileRef = 8E9432BC1A4BB0DC004AF576 /* main.cpp */; };
/* End PBXBuildFile section */

/* Begin PBXCopyFilesBuildPhase section */
		8E9432B71A4BB0DC004AF576 /* CopyFiles */ = {
			isa = PBXCopyFilesBuildPhase;
			buildActionMask = 2147483647;
			dstPath = /usr/share/man/man1/;
			dstSubfolderSpec = 0;
			files = (
			);
			runOnlyForDeploymentPostprocessing = 1;
		};
/* End PBXCopyFilesBuildPhase section */

/* Begin PBXFileReference section */
		8E6BFBF21A5ABDE30056B1E5 /* error.cpp */ = {isa = PBXFileReference; fileEncoding = 4; lastKnownFileType = sourcecode.cpp.cpp; path = error.cpp; sourceTree = "<group>"; };
		8E6BFBF31A5ABDE30056B1E5 /* error.h */ = {isa = PBXFileReference; fileEncoding = 4; lastKnownFileType = sourcecode.c.h; path = error.h; sourceTree = "<group>"; };
		8E6BFBF51A5ABDFA0056B1E5 /* words.cpp */ = {isa = PBXFileReference; fileEncoding = 4; lastKnownFileType = sourcecode.cpp.cpp; path = words.cpp; sourceTree = "<group>"; };
		8E6BFBF61A5ABDFA0056B1E5 /* words.h */ = {isa = PBXFileReference; fileEncoding = 4; lastKnownFileType = sourcecode.c.h; path = words.h; sourceTree = "<group>"; };
		8E6BFBF81A5ABEC10056B1E5 /* pcode.cpp */ = {isa = PBXFileReference; fileEncoding = 4; lastKnownFileType = sourcecode.cpp.cpp; path = pcode.cpp; sourceTree = "<group>"; };
		8E6BFBF91A5ABEC10056B1E5 /* pcode.h */ = {isa = PBXFileReference; fileEncoding = 4; lastKnownFileType = sourcecode.c.h; path = pcode.h; sourceTree = "<group>"; };
		8E6BFBFB1A5ABED90056B1E5 /* tab.cpp */ = {isa = PBXFileReference; fileEncoding = 4; lastKnownFileType = sourcecode.cpp.cpp; path = tab.cpp; sourceTree = "<group>"; };
		8E6BFBFC1A5ABED90056B1E5 /* tab.h */ = {isa = PBXFileReference; fileEncoding = 4; lastKnownFileType = sourcecode.c.h; path = tab.h; sourceTree = "<group>"; };
		8E6BFBFE1A5ABF030056B1E5 /* syntax.cpp */ = {isa = PBXFileReference; fileEncoding = 4; lastKnownFileType = sourcecode.cpp.cpp; path = syntax.cpp; sourceTree = "<group>"; };
		8E6BFBFF1A5ABF030056B1E5 /* syntax.h */ = {isa = PBXFileReference; fileEncoding = 4; lastKnownFileType = sourcecode.c.h; path = syntax.h; sourceTree = "<group>"; };
		8E9432B91A4BB0DC004AF576 /* Compiler-PL0 */ = {isa = PBXFileReference; explicitFileType = "compiled.mach-o.executable"; includeInIndex = 0; path = "Compiler-PL0"; sourceTree = BUILT_PRODUCTS_DIR; };
		8E9432BC1A4BB0DC004AF576 /* main.cpp */ = {isa = PBXFileReference; lastKnownFileType = sourcecode.cpp.cpp; path = main.cpp; sourceTree = "<group>"; };
/* End PBXFileReference section */

/* Begin PBXFrameworksBuildPhase section */
		8E9432B61A4BB0DC004AF576 /* Frameworks */ = {
			isa = PBXFrameworksBuildPhase;
			buildActionMask = 2147483647;
			files = (
			);
			runOnlyForDeploymentPostprocessing = 0;
		};
/* End PBXFrameworksBuildPhase section */

/* Begin PBXGroup section */
		8E9432B01A4BB0DC004AF576 = {
			isa = PBXGroup;
			children = (
				8E9432BB1A4BB0DC004AF576 /* Compiler-PL0 */,
				8E9432BA1A4BB0DC004AF576 /* Products */,
			);
			sourceTree = "<group>";
		};
		8E9432BA1A4BB0DC004AF576 /* Products */ = {
			isa = PBXGroup;
			children = (
				8E9432B91A4BB0DC004AF576 /* Compiler-PL0 */,
			);
			name = Products;
			sourceTree = "<group>";
		};
		8E9432BB1A4BB0DC004AF576 /* Compiler-PL0 */ = {
			isa = PBXGroup;
			children = (
				8E9432BC1A4BB0DC004AF576 /* main.cpp */,
				8E6BFBF61A5ABDFA0056B1E5 /* words.h */,
				8E6BFBF51A5ABDFA0056B1E5 /* words.cpp */,
				8E6BFBFF1A5ABF030056B1E5 /* syntax.h */,
				8E6BFBFE1A5ABF030056B1E5 /* syntax.cpp */,
				8E6BFBFC1A5ABED90056B1E5 /* tab.h */,
				8E6BFBFB1A5ABED90056B1E5 /* tab.cpp */,
				8E6BFBF31A5ABDE30056B1E5 /* error.h */,
				8E6BFBF21A5ABDE30056B1E5 /* error.cpp */,
				8E6BFBF91A5ABEC10056B1E5 /* pcode.h */,
				8E6BFBF81A5ABEC10056B1E5 /* pcode.cpp */,
			);
			path = "Compiler-PL0";
			sourceTree = "<group>";
		};
/* End PBXGroup section */

/* Begin PBXNativeTarget section */
		8E9432B81A4BB0DC004AF576 /* Compiler-PL0 */ = {
			isa = PBXNativeTarget;
			buildConfigurationList = 8E9432C01A4BB0DC004AF576 /* Build configuration list for PBXNativeTarget "Compiler-PL0" */;
			buildPhases = (
				8E9432B51A4BB0DC004AF576 /* Sources */,
				8E9432B61A4BB0DC004AF576 /* Frameworks */,
				8E9432B71A4BB0DC004AF576 /* CopyFiles */,
			);
			buildRules = (
			);
			dependencies = (
			);
			name = "Compiler-PL0";
			productName = "Compiler-PL0";
			productReference = 8E9432B91A4BB0DC004AF576 /* Compiler-PL0 */;
			productType = "com.apple.product-type.tool";
		};
/* End PBXNativeTarget section */

/* Begin PBXProject section */
		8E9432B11A4BB0DC004AF576 /* Project object */ = {
			isa = PBXProject;
			attributes = {
				LastUpgradeCheck = 0610;
				ORGANIZATIONNAME = TimmyXu;
				TargetAttributes = {
					8E9432B81A4BB0DC004AF576 = {
						CreatedOnToolsVersion = 6.1.1;
					};
				};
			};
			buildConfigurationList = 8E9432B41A4BB0DC004AF576 /* Build configuration list for PBXProject "Compiler-PL0" */;
			compatibilityVersion = "Xcode 3.2";
			developmentRegion = English;
			hasScannedForEncodings = 0;
			knownRegions = (
				en,
			);
			mainGroup = 8E9432B01A4BB0DC004AF576;
			productRefGroup = 8E9432BA1A4BB0DC004AF576 /* Products */;
			projectDirPath = "";
			projectRoot = "";
			targets = (
				8E9432B81A4BB0DC004AF576 /* Compiler-PL0 */,
			);
		};
/* End PBXProject section */

/* Begin PBXSourcesBuildPhase section */
		8E9432B51A4BB0DC004AF576 /* Sources */ = {
			isa = PBXSourcesBuildPhase;
			buildActionMask = 2147483647;
			files = (
				8E6BFBF41A5ABDE30056B1E5 /* error.cpp in Sources */,
				8E6BFBFA1A5ABEC10056B1E5 /* pcode.cpp in Sources */,
				8E6BFC001A5ABF030056B1E5 /* syntax.cpp in Sources */,
				8E6BFBF71A5ABDFA0056B1E5 /* words.cpp in Sources */,
				8E9432BD1A4BB0DC004AF576 /* main.cpp in Sources */,
				8E6BFBFD1A5ABED90056B1E5 /* tab.cpp in Sources */,
			);
			runOnlyForDeploymentPostprocessing = 0;
		};
/* End PBXSourcesBuildPhase section */

/* Begin XCBuildConfiguration section */
		8E9432BE1A4BB0DC004AF576 /* Debug */ = {
			isa = XCBuildConfiguration;
			buildSettings = {
				ALWAYS_SEARCH_USER_PATHS = NO;
				CLANG_CXX_LANGUAGE_STANDARD = "gnu++0x";
				CLANG_CXX_LIBRARY = "libc++";
				CLANG_ENABLE_MODULES = YES;
				CLANG_ENABLE_OBJC_ARC = YES;
				CLANG_WARN_BOOL_CONVERSION = YES;
				CLANG_WARN_CONSTANT_CONVERSION = YES;
				CLANG_WARN_DIRECT_OBJC_ISA_USAGE = YES_ERROR;
				CLANG_WARN_EMPTY_BODY = YES;
				CLANG_WARN_ENUM_CONVERSION = YES;
				CLANG_WARN_INT_CONVERSION = YES;
				CLANG_WARN_OBJC_ROOT_CLASS = YES_ERROR;
				CLANG_WARN_UNREACHABLE_CODE = YES;
				CLANG_WARN__DUPLICATE_METHOD_MATCH = YES;
				COPY_PHASE_STRIP = NO;
				ENABLE_STRICT_OBJC_MSGSEND = YES;
				GCC_C_LANGUAGE_STANDARD = gnu99;
				GCC_DYNAMIC_NO_PIC = NO;
				GCC_OPTIMIZATION_LEVEL = 0;
				GCC_PREPROCESSOR_DEFINITIONS = (
					"DEBUG=1",
					"$(inherited)",
				);
				GCC_SYMBOLS_PRIVATE_EXTERN = NO;
				GCC_WARN_64_TO_32_BIT_CONVERSION = YES;
				GCC_WARN_ABOUT_RETURN_TYPE = YES_ERROR;
				GCC_WARN_UNDECLARED_SELECTOR = YES;
				GCC_WARN_UNINITIALIZED_AUTOS = YES_AGGRESSIVE;
				GCC_WARN_UNUSED_FUNCTION = YES;
				GCC_WARN_UNUSED_VARIABLE = YES;
				MACOSX_DEPLOYMENT_TARGET = 10.10;
				MTL_ENABLE_DEBUG_INFO = YES;
				ONLY_ACTIVE_ARCH = YES;
				SDKROOT = macosx;
			};
			name = Debug;
		};
		8E9432BF1A4BB0DC004AF576 /* Release */ = {
			isa = XCBuildConfiguration;
			buildSettings = {
				ALWAYS_SEARCH_USER_PATHS = NO;
				CLANG_CXX_LANGUAGE_STANDARD = "gnu++0x";
				CLANG_CXX_LIBRARY = "libc++";
				CLANG_ENABLE_MODULES = YES;
				CLANG_ENABLE_OBJC_ARC = YES;
				CLANG_WARN_BOOL_CONVERSION = YES;
				CLANG_WARN_CONSTANT_CONVERSION = YES;
				CLANG_WARN_DIRECT_OBJC_ISA_USAGE = YES_ERROR;
				CLANG_WARN_EMPTY_BODY = YES;
				CLANG_WARN_ENUM_CONVERSION = YES;
				CLANG_WARN_INT_CONVERSION = YES;
				CLANG_WARN_OBJC_ROOT_CLASS = YES_ERROR;
				CLANG_WARN_UNREACHABLE_CODE = YES;
				CLANG_WARN__DUPLICATE_METHOD_MATCH = YES;
				COPY_PHASE_STRIP = YES;
				DEBUG_INFORMATION_FORMAT = "dwarf-with-dsym";
				ENABLE_NS_ASSERTIONS = NO;
				ENABLE_STRICT_OBJC_MSGSEND = YES;
				GCC_C_LANGUAGE_STANDARD = gnu99;
				GCC_WARN_64_TO_32_BIT_CONVERSION = YES;
				GCC_WARN_ABOUT_RETURN_TYPE = YES_ERROR;
				GCC_WARN_UNDECLARED_SELECTOR = YES;
				GCC_WARN_UNINITIALIZED_AUTOS = YES_AGGRESSIVE;
				GCC_WARN_UNUSED_FUNCTION = YES;
				GCC_WARN_UNUSED_VARIABLE = YES;
				MACOSX_DEPLOYMENT_TARGET = 10.10;
				MTL_ENABLE_DEBUG_INFO = NO;
				SDKROOT = macosx;
			};
			name = Release;
		};
		8E9432C11A4BB0DC004AF576 /* Debug */ = {
			isa = XCBuildConfiguration;
			buildSettings = {
				PRODUCT_NAME = "$(TARGET_NAME)";
			};
			name = Debug;
		};
		8E9432C21A4BB0DC004AF576 /* Release */ = {
			isa = XCBuildConfiguration;
			buildSettings = {
				PRODUCT_NAME = "$(TARGET_NAME)";
			};
			name = Release;
		};
/* End XCBuildConfiguration section */

/* Begin XCConfigurationList section */
		8E9432B41A4BB0DC004AF576 /* Build configuration list for PBXProject "Compiler-PL0" */ = {
			isa = XCConfigurationList;
			buildConfigurations = (
				8E9432BE1A4BB0DC004AF576 /* Debug */,
				8E9432BF1A4BB0DC004AF576 /* Release */,
			);
			defaultConfigurationIsVisible = 0;
			defaultConfigurationName = Release;
		};
		8E9432C01A4BB0DC004AF576 /* Build configuration list for PBXNativeTarget "Compiler-PL0" */ = {
			isa = XCConfigurationList;
			buildConfigurations = (
				8E9432C11A4BB0DC004AF576 /* Debug */,
				8E9432C21A4BB0DC004AF576 /* Release */,
			);
			defaultConfigurationIsVisible = 0;
			defaultConfigurationName = Release;
		};
/* End XCConfigurationList section */
	};
	rootObject = 8E9432B11A4BB0DC004AF576 /* Project object */;
}
